
Microsoft Visual Studio Solution File, Format Version 12.00
# Visual Studio Version 17
VisualStudioVersion = 17.0.32126.317
MinimumVisualStudioVersion = 10.0.40219.1
Project("{9A19103F-16F7-4668-BE54-9A1E7A4F7556}") = "UpdatedBioseroSyntaxEditor", "UpdatedBioseroSyntaxEditor.csproj", "{1C59942C-E2ED-4AD6-9553-6645DECE44C3}"
EndProject
Global
	GlobalSection(SolutionConfigurationPlatforms) = preSolution
		Debug|Any CPU = Debug|Any CPU
		Release|Any CPU = Release|Any CPU
	EndGlobalSection
	GlobalSection(ProjectConfigurationPlatforms) = postSolution
		{1C59942C-E2ED-4AD6-9553-6645DECE44C3}.Debug|Any CPU.ActiveCfg = Debug|Any CPU
		{1C59942C-E2ED-4AD6-9553-6645DECE44C3}.Debug|Any CPU.Build.0 = Debug|Any CPU
		{1C59942C-E2ED-4AD6-9553-6645DECE44C3}.Release|Any CPU.ActiveCfg = Release|Any CPU
		{1C59942C-E2ED-4AD6-9553-6645DECE44C3}.Release|Any CPU.Build.0 = Release|Any CPU
	EndGlobalSection
	GlobalSection(SolutionProperties) = preSolution
		HideSolutionNode = FALSE
	EndGlobalSection
	GlobalSection(ExtensibilityGlobals) = postSolution
		SolutionGuid = {956612C4-90B8-4E67-BC46-027DAD1CDD0B}
	EndGlobalSection
EndGlobal
